github.com/GoogleCloudPlatform/container-engine-accelerators v0.0.0-20191024220656-0f889ca9d2c1 h1:yr5JGQVkg7NLeJrlLY+2Jdy2mhBuy7uwRha+N6lHsYI=
github.com/GoogleCloudPlatform/container-engine-accelerators v0.0.0-20191024220656-0f889ca9d2c1/go.mod h1:t12boPru5nLs1zFAm/NiMSgeLhFAUCHJ2Fzulh+FIsE=
github.com/davecgh/go-spew v1.1.0 h1:ZDRjVQ15GmhC3fiQ8ni8+OwkZQO4DARzQgrnXU1Liz8=
github.com/davecgh/go-spew v1.1.0/go.mod h1:J7Y8YcW2NihsgmVo/mv3lAwl/skON4iLHjSsI+c5H38=
github.com/gogo/protobuf v0.0.0-20171007142547-342cbe0a0415 h1:WSBJMqJbLxsn+bTCPyPYZfqHdJmc8MK4wrBjMft6BAM=
github.com/gogo/protobuf v0.0.0-20171007142547-342cbe0a0415/go.mod h1:r8qH/GZQm5c6nD/R0oafs1akxWv10x8SbQlK7atdtwQ=
github.com/golang/glog v0.0.0-20160126235308-23def4e6c14b h1:VKtxabqXZkF25pY9ekfRL6a582T4P37/31XEstQ5p58=
github.com/golang/glog v0.0.0-20160126235308-23def4e6c14b/go.mod h1:SBH7ygxi8pfUlaOkMMuAQtPIUF8ecWP5IEl/CR7VP2Q=
github.com/golang/protobuf v0.0.0-20171021043952-1643683e1b54 h1:nRNJXiJvemchkOTn0V4U11TZkvacB94gTzbTZbSA7Rw=
github.com/golang/protobuf v0.0.0-20171021043952-1643683e1b54/go.mod h1:6lQm79b+lXiMfvg/cZm0SGofjICqVBUtrP5yJMmIC1U=
github.com/pmezard/go-difflib v1.0.0 h1:4DBwDE0NGyQoBHbLQYPwSUPoCMWR5BEzIk/f1lZbAQM=
github.com/pmezard/go-difflib v1.0.0/go.mod h1:iKH77koFhYxTK1pcRnkKkqfTogsbg7gZNVY4sRDYZ/4=
github.com/stretchr/testify v1.1.4 h1:ToftOQTytwshuOSj6bDSolVUa3GINfJP/fg3OkkOzQQ=
github.com/stretchr/testify v1.1.4/go.mod h1:a8OnRcib4nhh0OaRAV+Yts87kKdq0PP7pXfy6kDkUVs=
golang.org/x/net v0.0.0-20171023174046-5561cd9b4330 h1:J16XgsGY6YE8rrDVkAXKmNV8IM9P3bfon2F2roJSSKI=
golang.org/x/net v0.0.0-20171023174046-5561cd9b4330/go.mod h1:mL1N/T3taQHkDXs73rZJwtUhF3w3ftmwwsq0BUmARs4=
golang.org/x/sync v0.0.0-20190911185100-cd5d95a43a6e h1:vcxGaoTs7kV8m5Np9uUNQin4BrLOthgV7252N8V+FwY=
golang.org/x/sync v0.0.0-20190911185100-cd5d95a43a6e/go.mod h1:RxMgew5VJxzue5/jJTE5uejpjVlOe/izrB70Jof72aM=
golang.org/x/text v0.1.1-0.20171013141220-c01e4764d870 h1:9j48xgtCqD3qZlEBdUhu982SQOGaB0F4VPmPgoV2rMc=
golang.org/x/text v0.1.1-0.20171013141220-c01e4764d870/go.mod h1:NqM8EUOU14njkJ3fqMW+pc6Ldnwhi/IjpwHt7yyuwOQ=
google.golang.org/genproto v0.0.0-20171002232614-f676e0f3ac63 h1:yNBw5bwywOTguAu+h6SkCUaWdEZ7ZXgfiwb2YTN1eQw=
google.golang.org/genproto v0.0.0-20171002232614-f676e0f3ac63/go.mod h1:JiN7NxoALGmiZfu7CAH4rXhgtRTLTxftemlI0sWmxmc=
google.golang.org/grpc v1.7.0 h1:VcvMlnRMpb70sBq6RF2LWnHakw+w6pO9ttP6kmXWhug=
google.golang.org/grpc v1.7.0/go.mod h1:yo6s7OP7yaDglbqo1J04qKzAhqBH6lvTonzMVmEdcZw=
k8s.io/kubernetes v1.12.0 h1:2PjG+1oSb9SSwFkJIH6HZH85CDfJ7hOaMMMQYi1Q+0c=
k8s.io/kubernetes v1.12.0/go.mod h1:ocZa8+6APFNC2tX1DZASIbocyYT5jHzqFVsY5aoB7Jk=
